<?xml version="1.0" encoding="utf-8"?>
<Project ToolsVersion="4.0" xmlns="http://schemas.microsoft.com/developer/msbuild/2003">
  <ItemGroup>
    <Filter Include="Source Files">
      <UniqueIdentifier>{4FC737F1-C7A5-4376-A066-2A32D752A2FF}</UniqueIdentifier>
      <Extensions>cpp;c;cc;cxx;def;odl;idl;hpj;bat;asm;asmx</Extensions>
    </Filter>
    <Filter Include="Header Files">
      <UniqueIdentifier>{93995380-89BD-4b04-88EB-625FBE52EBFB}</UniqueIdentifier>
      <Extensions>h;hh;hpp;hxx;hm;inl;inc;xsd</Extensions>
    </Filter>
    <Filter Include="Resource Files">
      <UniqueIdentifier>{67DA6AB6-F800-4c08-8B7A-83BB121AAD01}</UniqueIdentifier>
      <Extensions>rc;ico;cur;bmp;dlg;rc2;rct;bin;rgs;gif;jpg;jpeg;jpe;resx;tiff;tif;png;wav;mfcribbon-ms</Extensions>
    </Filter>
    <Filter Include="Resource Files\images">
      <UniqueIdentifier>{33dddfa2-b283-40dd-b204-e67e8b19c820}</UniqueIdentifier>
    </Filter>
  </ItemGroup>
  <ItemGroup>
    <ClCompile Include="CPP\main.cpp">
      <Filter>Source Files</Filter>
    </ClCompile>
    <ClCompile Include="CPP\msc.cpp">
      <Filter>Source Files</Filter>
    </ClCompile>
    <ClCompile Include="CPP\callbacks.cpp">
      <Filter>Source Files</Filter>
    </ClCompile>
    <ClCompile Include="CPP\loader.cpp">
      <Filter>Source Files</Filter>
    </ClCompile>
    <ClCompile Include="CPP\session.cpp">
      <Filter>Source Files</Filter>
    </ClCompile>
  </ItemGroup>
  <ItemGroup>
    <ClInclude Include="INCLUDE\msc.h">
      <Filter>Header Files</Filter>
    </ClInclude>
    <ClInclude Include="INCLUDE\callbacks.h">
      <Filter>Header Files</Filter>
    </ClInclude>
    <ClInclude Include="INCLUDE\loader.h">
      <Filter>Header Files</Filter>
    </ClInclude>
    <ClInclude Include="INCLUDE\session.h">
      <Filter>Header Files</Filter>
    </ClInclude>
  </ItemGroup>
  <ItemGroup>
    <Image Include="RESOURCE\base\0.jpg">
      <Filter>Resource Files\images</Filter>
    </Image>
    <Image Include="RESOURCE\base\1.jpg">
      <Filter>Resource Files\images</Filter>
    </Image>
    <Image Include="RESOURCE\base\2.jpg">
      <Filter>Resource Files\images</Filter>
    </Image>
    <Image Include="RESOURCE\base\3.jpg">
      <Filter>Resource Files\images</Filter>
    </Image>
    <Image Include="RESOURCE\base\4.jpg">
      <Filter>Resource Files\images</Filter>
    </Image>
    <Image Include="RESOURCE\base\5.jpg">
      <Filter>Resource Files\images</Filter>
    </Image>
    <Image Include="RESOURCE\base\6.jpg">
      <Filter>Resource Files\images</Filter>
    </Image>
    <Image Include="RESOURCE\base\7.jpg">
      <Filter>Resource Files\images</Filter>
    </Image>
    <Image Include="RESOURCE\base\8.jpg">
      <Filter>Resource Files\images</Filter>
    </Image>
    <Image Include="RESOURCE\base\9.jpg">
      <Filter>Resource Files\images</Filter>
    </Image>
    <Image Include="RESOURCE\base\10.jpg">
      <Filter>Resource Files\images</Filter>
    </Image>
    <Image Include="RESOURCE\base\11.jpg">
      <Filter>Resource Files\images</Filter>
    </Image>
    <Image Include="RESOURCE\base\12.jpg">
      <Filter>Resource Files\images</Filter>
    </Image>
    <Image Include="RESOURCE\base\13.jpg">
      <Filter>Resource Files\images</Filter>
    </Image>
    <Image Include="RESOURCE\base\14.jpg">
      <Filter>Resource Files\images</Filter>
    </Image>
    <Image Include="RESOURCE\base\15.jpg">
      <Filter>Resource Files\images</Filter>
    </Image>
    <Image Include="RESOURCE\base\16.jpg">
      <Filter>Resource Files\images</Filter>
    </Image>
    <Image Include="RESOURCE\base\17.jpg">
      <Filter>Resource Files\images</Filter>
    </Image>
    <Image Include="RESOURCE\base\18.jpg">
      <Filter>Resource Files\images</Filter>
    </Image>
    <Image Include="RESOURCE\base\19.jpg">
      <Filter>Resource Files\images</Filter>
    </Image>
    <Image Include="RESOURCE\base\20.jpg">
      <Filter>Resource Files\images</Filter>
    </Image>
    <Image Include="RESOURCE\base\21.jpg">
      <Filter>Resource Files\images</Filter>
    </Image>
    <Image Include="RESOURCE\base\22.jpg">
      <Filter>Resource Files\images</Filter>
    </Image>
    <Image Include="RESOURCE\base\23.jpg">
      <Filter>Resource Files\images</Filter>
    </Image>
    <Image Include="RESOURCE\base\24.jpg">
      <Filter>Resource Files\images</Filter>
    </Image>
    <Image Include="RESOURCE\base\25.jpg">
      <Filter>Resource Files\images</Filter>
    </Image>
    <Image Include="RESOURCE\base\26.jpg">
      <Filter>Resource Files\images</Filter>
    </Image>
    <Image Include="RESOURCE\base\27.jpg">
      <Filter>Resource Files\images</Filter>
    </Image>
    <Image Include="RESOURCE\base\28.jpg">
      <Filter>Resource Files\images</Filter>
    </Image>
    <Image Include="RESOURCE\base\29.jpg">
      <Filter>Resource Files\images</Filter>
    </Image>
    <Image Include="RESOURCE\base\30.jpg">
      <Filter>Resource Files\images</Filter>
    </Image>
    <Image Include="RESOURCE\base\31.jpg">
      <Filter>Resource Files\images</Filter>
    </Image>
    <Image Include="RESOURCE\base\32.jpg">
      <Filter>Resource Files\images</Filter>
    </Image>
    <Image Include="RESOURCE\base\33.jpg">
      <Filter>Resource Files\images</Filter>
    </Image>
    <Image Include="RESOURCE\base\34.jpg">
      <Filter>Resource Files\images</Filter>
    </Image>
    <Image Include="RESOURCE\base\35.jpg">
      <Filter>Resource Files\images</Filter>
    </Image>
    <Image Include="RESOURCE\base\36.jpg">
      <Filter>Resource Files\images</Filter>
    </Image>
    <Image Include="RESOURCE\base\37.jpg">
      <Filter>Resource Files\images</Filter>
    </Image>
  </ItemGroup>
</Project>